// !$*UTF8*$!
{
	archiveVersion = 1;
	classes = {
	};
	objectVersion = 77;
	objects = {

/* Begin PBXContainerItemProxy section */
		091B3A4B2D29D54900FFD0A4 /* PBXContainerItemProxy */ = {
			isa = PBXContainerItemProxy;
			containerPortal = 091B3A322D29D54200FFD0A4 /* Project object */;
			proxyType = 1;
			remoteGlobalIDString = 091B3A392D29D54200FFD0A4;
			remoteInfo = "52 Push";
		};
		091B3A552D29D54900FFD0A4 /* PBXContainerItemProxy */ = {
			isa = PBXContainerItemProxy;
			containerPortal = 091B3A322D29D54200FFD0A4 /* Project object */;
			proxyType = 1;
			remoteGlobalIDString = 091B3A392D29D54200FFD0A4;
			remoteInfo = "52 Push";
		};
/* End PBXContainerItemProxy section */

/* Begin PBXFileReference section */
		091B3A3A2D29D54200FFD0A4 /* 52 Push.app */ = {isa = PBXFileReference; explicitFileType = wrapper.application; includeInIndex = 0; path = "52 Push.app"; sourceTree = BUILT_PRODUCTS_DIR; };
		091B3A4A2D29D54900FFD0A4 /* 52 PushTests.xctest */ = {isa = PBXFileReference; explicitFileType = wrapper.cfbundle; includeInIndex = 0; path = "52 PushTests.xctest"; sourceTree = BUILT_PRODUCTS_DIR; };
		091B3A542D29D54900FFD0A4 /* 52 PushUITests.xctest */ = {isa = PBXFileReference; explicitFileType = wrapper.cfbundle; includeInIndex = 0; path = "52 PushUITests.xctest"; sourceTree = BUILT_PRODUCTS_DIR; };
/* End PBXFileReference section */

/* Begin PBXFileSystemSynchronizedBuildFileExceptionSet section */
		091B3A932D2A469700FFD0A4 /* Exceptions for "tests" folder in "52 Push" target */ = {
			isa = PBXFileSystemSynchronizedBuildFileExceptionSet;
			membershipExceptions = (
				"52 PushTests/FiftyTwoPushTests.swift",
				"52 PushUITests/FiftyTwoPushUITests.swift",
				"52 PushUITests/FiftyTwoPushUITestsLaunchTests.swift",
			);
			target = 091B3A392D29D54200FFD0A4 /* 52 Push */;
		};
		091B3A942D2A469700FFD0A4 /* Exceptions for "tests" folder in "52 PushTests" target */ = {
			isa = PBXFileSystemSynchronizedBuildFileExceptionSet;
			membershipExceptions = (
				"52 PushTests/FiftyTwoPushTests.swift",
			);
			target = 091B3A492D29D54900FFD0A4 /* 52 PushTests */;
		};
		091B3A952D2A469700FFD0A4 /* Exceptions for "tests" folder in "52 PushUITests" target */ = {
			isa = PBXFileSystemSynchronizedBuildFileExceptionSet;
			membershipExceptions = (
				"52 PushUITests/FiftyTwoPushUITests.swift",
				"52 PushUITests/FiftyTwoPushUITestsLaunchTests.swift",
			);
			target = 091B3A532D29D54900FFD0A4 /* 52 PushUITests */;
		};
/* End PBXFileSystemSynchronizedBuildFileExceptionSet section */

/* Begin PBXFileSystemSynchronizedRootGroup section */
		091B3A3C2D29D54200FFD0A4 /* src */ = {
			isa = PBXFileSystemSynchronizedRootGroup;
			path = src;
			sourceTree = "<group>";
		};
		091B3A8A2D2A469000FFD0A4 /* tests */ = {
			isa = PBXFileSystemSynchronizedRootGroup;
			exceptions = (
				091B3A932D2A469700FFD0A4 /* Exceptions for "tests" folder in "52 Push" target */,
				091B3A942D2A469700FFD0A4 /* Exceptions for "tests" folder in "52 PushTests" target */,
				091B3A952D2A469700FFD0A4 /* Exceptions for "tests" folder in "52 PushUITests" target */,
			);
			path = tests;
			sourceTree = "<group>";
		};
		091B3AD22D2A4EF300FFD0A4 /* Preview Content */ = {
			isa = PBXFileSystemSynchronizedRootGroup;
			path = "Preview Content";
			sourceTree = "<group>";
		};
/* End PBXFileSystemSynchronizedRootGroup section */

/* Begin PBXFrameworksBuildPhase section */
		091B3A372D29D54200FFD0A4 /* Frameworks */ = {
			isa = PBXFrameworksBuildPhase;
			buildActionMask = 2147483647;
			files = (
			);
			runOnlyForDeploymentPostprocessing = 0;
		};
		091B3A472D29D54900FFD0A4 /* Frameworks */ = {
			isa = PBXFrameworksBuildPhase;
			buildActionMask = 2147483647;
			files = (
			);
			runOnlyForDeploymentPostprocessing = 0;
		};
		091B3A512D29D54900FFD0A4 /* Frameworks */ = {
			isa = PBXFrameworksBuildPhase;
			buildActionMask = 2147483647;
			files = (
			);
			runOnlyForDeploymentPostprocessing = 0;
		};
/* End PBXFrameworksBuildPhase section */

/* Begin PBXGroup section */
		091B3A312D29D54200FFD0A4 = {
			isa = PBXGroup;
			children = (
				091B3A8A2D2A469000FFD0A4 /* tests */,
				091B3A3C2D29D54200FFD0A4 /* src */,
				091B3A3B2D29D54200FFD0A4 /* Products */,
				091B3AD22D2A4EF300FFD0A4 /* Preview Content */,
			);
			sourceTree = "<group>";
		};
		091B3A3B2D29D54200FFD0A4 /* Products */ = {
			isa = PBXGroup;
			children = (
				091B3A3A2D29D54200FFD0A4 /* 52 Push.app */,
				091B3A4A2D29D54900FFD0A4 /* 52 PushTests.xctest */,
				091B3A542D29D54900FFD0A4 /* 52 PushUITests.xctest */,
			);
			name = Products;
			sourceTree = "<group>";
		};
/* End PBXGroup section */

/* Begin PBXNativeTarget section */
		091B3A392D29D54200FFD0A4 /* 52 Push */ = {
			isa = PBXNativeTarget;
			buildConfigurationList = 091B3A5E2D29D54900FFD0A4 /* Build configuration list for PBXNativeTarget "52 Push" */;
			buildPhases = (
				091B3A362D29D54200FFD0A4 /* Sources */,
				091B3A372D29D54200FFD0A4 /* Frameworks */,
				091B3A382D29D54200FFD0A4 /* Resources */,
			);
			buildRules = (
			);
			dependencies = (
			);
			fileSystemSynchronizedGroups = (
				091B3A3C2D29D54200FFD0A4 /* src */,
				091B3A8A2D2A469000FFD0A4 /* tests */,
				091B3AD22D2A4EF300FFD0A4 /* Preview Content */,
			);
			name = "52 Push";
			packageProductDependencies = (
			);
			productName = "52 Push";
			productReference = 091B3A3A2D29D54200FFD0A4 /* 52 Push.app */;
			productType = "com.apple.product-type.application";
		};
		091B3A492D29D54900FFD0A4 /* 52 PushTests */ = {
			isa = PBXNativeTarget;
			buildConfigurationList = 091B3A612D29D54900FFD0A4 /* Build configuration list for PBXNativeTarget "52 PushTests" */;
			buildPhases = (
				091B3A462D29D54900FFD0A4 /* Sources */,
				091B3A472D29D54900FFD0A4 /* Frameworks */,
				091B3A482D29D54900FFD0A4 /* Resources */,
			);
			buildRules = (
			);
			dependencies = (
				091B3A4C2D29D54900FFD0A4 /* PBXTargetDependency */,
			);
			name = "52 PushTests";
			packageProductDependencies = (
			);
			productName = "52 PushTests";
			productReference = 091B3A4A2D29D54900FFD0A4 /* 52 PushTests.xctest */;
			productType = "com.apple.product-type.bundle.unit-test";
		};
		091B3A532D29D54900FFD0A4 /* 52 PushUITests */ = {
			isa = PBXNativeTarget;
			buildConfigurationList = 091B3A642D29D54900FFD0A4 /* Build configuration list for PBXNativeTarget "52 PushUITests" */;
			buildPhases = (
				091B3A502D29D54900FFD0A4 /* Sources */,
				091B3A512D29D54900FFD0A4 /* Frameworks */,
				091B3A522D29D54900FFD0A4 /* Resources */,
			);
			buildRules = (
			);
			dependencies = (
				091B3A562D29D54900FFD0A4 /* PBXTargetDependency */,
			);
			name = "52 PushUITests";
			packageProductDependencies = (
			);
			productName = "52 PushUITests";
			productReference = 091B3A542D29D54900FFD0A4 /* 52 PushUITests.xctest */;
			productType = "com.apple.product-type.bundle.ui-testing";
		};
/* End PBXNativeTarget section */

/* Begin PBXProject section */
		091B3A322D29D54200FFD0A4 /* Project object */ = {
			isa = PBXProject;
			attributes = {
				BuildIndependentTargetsInParallel = 1;
				LastSwiftUpdateCheck = 1620;
				LastUpgradeCheck = 1620;
				TargetAttributes = {
					091B3A392D29D54200FFD0A4 = {
						CreatedOnToolsVersion = 16.2;
					};
					091B3A492D29D54900FFD0A4 = {
						CreatedOnToolsVersion = 16.2;
						TestTargetID = 091B3A392D29D54200FFD0A4;
					};
					091B3A532D29D54900FFD0A4 = {
						CreatedOnToolsVersion = 16.2;
						TestTargetID = 091B3A392D29D54200FFD0A4;
					};
				};
			};
			buildConfigurationList = 091B3A352D29D54200FFD0A4 /* Build configuration list for PBXProject "52 Push" */;
			developmentRegion = en;
			hasScannedForEncodings = 0;
			knownRegions = (
				en,
				Base,
			);
			mainGroup = 091B3A312D29D54200FFD0A4;
			minimizedProjectReferenceProxies = 1;
			packageReferences = (
				098855152DD56D4A0035F73E /* XCRemoteSwiftPackageReference "SwiftLintPlugins" */,
			);
			preferredProjectObjectVersion = 77;
			productRefGroup = 091B3A3B2D29D54200FFD0A4 /* Products */;
			projectDirPath = "";
			projectRoot = "";
			targets = (
				091B3A392D29D54200FFD0A4 /* 52 Push */,
				091B3A492D29D54900FFD0A4 /* 52 PushTests */,
				091B3A532D29D54900FFD0A4 /* 52 PushUITests */,
			);
		};
/* End PBXProject section */

/* Begin PBXResourcesBuildPhase section */
		091B3A382D29D54200FFD0A4 /* Resources */ = {
			isa = PBXResourcesBuildPhase;
			buildActionMask = 2147483647;
			files = (
			);
			runOnlyForDeploymentPostprocessing = 0;
		};
		091B3A482D29D54900FFD0A4 /* Resources */ = {
			isa = PBXResourcesBuildPhase;
			buildActionMask = 2147483647;
			files = (
			);
			runOnlyForDeploymentPostprocessing = 0;
		};
		091B3A522D29D54900FFD0A4 /* Resources */ = {
			isa = PBXResourcesBuildPhase;
			buildActionMask = 2147483647;
			files = (
			);
			runOnlyForDeploymentPostprocessing = 0;
		};
/* End PBXResourcesBuildPhase section */

/* Begin PBXSourcesBuildPhase section */
		091B3A362D29D54200FFD0A4 /* Sources */ = {
			isa = PBXSourcesBuildPhase;
			buildActionMask = 2147483647;
			files = (
			);
			runOnlyForDeploymentPostprocessing = 0;
		};
		091B3A462D29D54900FFD0A4 /* Sources */ = {
			isa = PBXSourcesBuildPhase;
			buildActionMask = 2147483647;
			files = (
			);
			runOnlyForDeploymentPostprocessing = 0;
		};
		091B3A502D29D54900FFD0A4 /* Sources */ = {
			isa = PBXSourcesBuildPhase;
			buildActionMask = 2147483647;
			files = (
			);
			runOnlyForDeploymentPostprocessing = 0;
		};
/* End PBXSourcesBuildPhase section */

/* Begin PBXTargetDependency section */
		091B3A4C2D29D54900FFD0A4 /* PBXTargetDependency */ = {
			isa = PBXTargetDependency;
			target = 091B3A392D29D54200FFD0A4 /* 52 Push */;
			targetProxy = 091B3A4B2D29D54900FFD0A4 /* PBXContainerItemProxy */;
		};
		091B3A562D29D54900FFD0A4 /* PBXTargetDependency */ = {
			isa = PBXTargetDependency;
			target = 091B3A392D29D54200FFD0A4 /* 52 Push */;
			targetProxy = 091B3A552D29D54900FFD0A4 /* PBXContainerItemProxy */;
		};
/* End PBXTargetDependency section */

/* Begin XCBuildConfiguration section */
		091B3A5C2D29D54900FFD0A4 /* Debug */ = {
			isa = XCBuildConfiguration;
			buildSettings = {
				ALWAYS_SEARCH_USER_PATHS = NO;
				ASSETCATALOG_COMPILER_GENERATE_SWIFT_ASSET_SYMBOL_EXTENSIONS = YES;
				CLANG_ANALYZER_NONNULL = YES;
				CLANG_ANALYZER_NUMBER_OBJECT_CONVERSION = YES_AGGRESSIVE;
				CLANG_CXX_LANGUAGE_STANDARD = "gnu++20";
				CLANG_ENABLE_MODULES = YES;
				CLANG_ENABLE_OBJC_ARC = YES;
				CLANG_ENABLE_OBJC_WEAK = YES;
				CLANG_WARN_BLOCK_CAPTURE_AUTORELEASING = YES;
				CLANG_WARN_BOOL_CONVERSION = YES;
				CLANG_WARN_COMMA = YES;
				CLANG_WARN_CONSTANT_CONVERSION = YES;
				CLANG_WARN_DEPRECATED_OBJC_IMPLEMENTATIONS = YES;
				CLANG_WARN_DIRECT_OBJC_ISA_USAGE = YES_ERROR;
				CLANG_WARN_DOCUMENTATION_COMMENTS = YES;
				CLANG_WARN_EMPTY_BODY = YES;
				CLANG_WARN_ENUM_CONVERSION = YES;
				CLANG_WARN_INFINITE_RECURSION = YES;
				CLANG_WARN_INT_CONVERSION = YES;
				CLANG_WARN_NON_LITERAL_NULL_CONVERSION = YES;
				CLANG_WARN_OBJC_IMPLICIT_RETAIN_SELF = YES;
				CLANG_WARN_OBJC_LITERAL_CONVERSION = YES;
				CLANG_WARN_OBJC_ROOT_CLASS = YES_ERROR;
				CLANG_WARN_QUOTED_INCLUDE_IN_FRAMEWORK_HEADER = YES;
				CLANG_WARN_RANGE_LOOP_ANALYSIS = YES;
				CLANG_WARN_STRICT_PROTOTYPES = YES;
				CLANG_WARN_SUSPICIOUS_MOVE = YES;
				CLANG_WARN_UNGUARDED_AVAILABILITY = YES_AGGRESSIVE;
				CLANG_WARN_UNREACHABLE_CODE = YES;
				CLANG_WARN__DUPLICATE_METHOD_MATCH = YES;
				COPY_PHASE_STRIP = NO;
				DEBUG_INFORMATION_FORMAT = dwarf;
				ENABLE_STRICT_OBJC_MSGSEND = YES;
				ENABLE_TESTABILITY = YES;
				ENABLE_USER_SCRIPT_SANDBOXING = YES;
				GCC_C_LANGUAGE_STANDARD = gnu17;
				GCC_DYNAMIC_NO_PIC = NO;
				GCC_NO_COMMON_BLOCKS = YES;
				GCC_OPTIMIZATION_LEVEL = 0;
				GCC_PREPROCESSOR_DEFINITIONS = (
					"DEBUG=1",
					"$(inherited)",
				);
				GCC_WARN_64_TO_32_BIT_CONVERSION = YES;
				GCC_WARN_ABOUT_RETURN_TYPE = YES_ERROR;
				GCC_WARN_UNDECLARED_SELECTOR = YES;
				GCC_WARN_UNINITIALIZED_AUTOS = YES_AGGRESSIVE;
				GCC_WARN_UNUSED_FUNCTION = YES;
				GCC_WARN_UNUSED_VARIABLE = YES;
				IPHONEOS_DEPLOYMENT_TARGET = 15.6;
				LOCALIZATION_PREFERS_STRING_CATALOGS = YES;
				MTL_ENABLE_DEBUG_INFO = INCLUDE_SOURCE;
				MTL_FAST_MATH = YES;
				ONLY_ACTIVE_ARCH = YES;
				SDKROOT = iphoneos;
				SWIFT_ACTIVE_COMPILATION_CONDITIONS = "DEBUG $(inherited)";
				SWIFT_OPTIMIZATION_LEVEL = "-Onone";
			};
			name = Debug;
		};
		091B3A5D2D29D54900FFD0A4 /* Release */ = {
			isa = XCBuildConfiguration;
			buildSettings = {
				ALWAYS_SEARCH_USER_PATHS = NO;
				ASSETCATALOG_COMPILER_GENERATE_SWIFT_ASSET_SYMBOL_EXTENSIONS = YES;
				CLANG_ANALYZER_NONNULL = YES;
				CLANG_ANALYZER_NUMBER_OBJECT_CONVERSION = YES_AGGRESSIVE;
				CLANG_CXX_LANGUAGE_STANDARD = "gnu++20";
				CLANG_ENABLE_MODULES = YES;
				CLANG_ENABLE_OBJC_ARC = YES;
				CLANG_ENABLE_OBJC_WEAK = YES;
				CLANG_WARN_BLOCK_CAPTURE_AUTORELEASING = YES;
				CLANG_WARN_BOOL_CONVERSION = YES;
				CLANG_WARN_COMMA = YES;
				CLANG_WARN_CONSTANT_CONVERSION = YES;
				CLANG_WARN_DEPRECATED_OBJC_IMPLEMENTATIONS = YES;
				CLANG_WARN_DIRECT_OBJC_ISA_USAGE = YES_ERROR;
				CLANG_WARN_DOCUMENTATION_COMMENTS = YES;
				CLANG_WARN_EMPTY_BODY = YES;
				CLANG_WARN_ENUM_CONVERSION = YES;
				CLANG_WARN_INFINITE_RECURSION = YES;
				CLANG_WARN_INT_CONVERSION = YES;
				CLANG_WARN_NON_LITERAL_NULL_CONVERSION = YES;
				CLANG_WARN_OBJC_IMPLICIT_RETAIN_SELF = YES;
				CLANG_WARN_OBJC_LITERAL_CONVERSION = YES;
				CLANG_WARN_OBJC_ROOT_CLASS = YES_ERROR;
				CLANG_WARN_QUOTED_INCLUDE_IN_FRAMEWORK_HEADER = YES;
				CLANG_WARN_RANGE_LOOP_ANALYSIS = YES;
				CLANG_WARN_STRICT_PROTOTYPES = YES;
				CLANG_WARN_SUSPICIOUS_MOVE = YES;
				CLANG_WARN_UNGUARDED_AVAILABILITY = YES_AGGRESSIVE;
				CLANG_WARN_UNREACHABLE_CODE = YES;
				CLANG_WARN__DUPLICATE_METHOD_MATCH = YES;
				COPY_PHASE_STRIP = NO;
				DEBUG_INFORMATION_FORMAT = "dwarf-with-dsym";
				ENABLE_NS_ASSERTIONS = NO;
				ENABLE_STRICT_OBJC_MSGSEND = YES;
				ENABLE_USER_SCRIPT_SANDBOXING = YES;
				GCC_C_LANGUAGE_STANDARD = gnu17;
				GCC_NO_COMMON_BLOCKS = YES;
				GCC_WARN_64_TO_32_BIT_CONVERSION = YES;
				GCC_WARN_ABOUT_RETURN_TYPE = YES_ERROR;
				GCC_WARN_UNDECLARED_SELECTOR = YES;
				GCC_WARN_UNINITIALIZED_AUTOS = YES_AGGRESSIVE;
				GCC_WARN_UNUSED_FUNCTION = YES;
				GCC_WARN_UNUSED_VARIABLE = YES;
				IPHONEOS_DEPLOYMENT_TARGET = 15.6;
				LOCALIZATION_PREFERS_STRING_CATALOGS = YES;
				MTL_ENABLE_DEBUG_INFO = NO;
				MTL_FAST_MATH = YES;
				SDKROOT = iphoneos;
				SWIFT_COMPILATION_MODE = wholemodule;
				VALIDATE_PRODUCT = YES;
			};
			name = Release;
		};
		091B3A5F2D29D54900FFD0A4 /* Debug */ = {
			isa = XCBuildConfiguration;
			buildSettings = {
				ASSETCATALOG_COMPILER_APPICON_NAME = AppIcon;
				ASSETCATALOG_COMPILER_GLOBAL_ACCENT_COLOR_NAME = AccentColor;
				CODE_SIGN_STYLE = Automatic;
				CURRENT_PROJECT_VERSION = 1.0.2;
				DEVELOPMENT_ASSET_PATHS = "\"Preview Content\"";
				DEVELOPMENT_TEAM = B4JR5G66CR;
				ENABLE_PREVIEWS = YES;
				GENERATE_INFOPLIST_FILE = YES;
				INFOPLIST_KEY_UIApplicationSceneManifest_Generation = YES;
				INFOPLIST_KEY_UIApplicationSupportsIndirectInputEvents = YES;
				INFOPLIST_KEY_UILaunchScreen_Generation = YES;
				INFOPLIST_KEY_UISupportedInterfaceOrientations = UIInterfaceOrientationPortrait;
				INFOPLIST_KEY_UISupportedInterfaceOrientations_iPad = "UIInterfaceOrientationPortrait UIInterfaceOrientationPortraitUpsideDown";
				LD_RUNPATH_SEARCH_PATHS = (
					"$(inherited)",
					"@executable_path/Frameworks",
				);
				MARKETING_VERSION = 1.0.2;
				PRODUCT_BUNDLE_IDENTIFIER = "com.combscodes.52-Push";
				PRODUCT_NAME = "$(TARGET_NAME)";
				SUPPORTED_PLATFORMS = "iphoneos iphonesimulator";
				SUPPORTS_MACCATALYST = NO;
				SWIFT_EMIT_LOC_STRINGS = YES;
				SWIFT_VERSION = 5.0;
				TARGETED_DEVICE_FAMILY = 1;
				VERSIONING_SYSTEM = "apple-generic";
			};
			name = Debug;
		};
		091B3A602D29D54900FFD0A4 /* Release */ = {
			isa = XCBuildConfiguration;
			buildSettings = {
				ASSETCATALOG_COMPILER_APPICON_NAME = AppIcon;
				ASSETCATALOG_COMPILER_GLOBAL_ACCENT_COLOR_NAME = AccentColor;
				CODE_SIGN_STYLE = Automatic;
				CURRENT_PROJECT_VERSION = 1.0.2;
				DEVELOPMENT_ASSET_PATHS = "\"Preview Content\"";
				DEVELOPMENT_TEAM = B4JR5G66CR;
				ENABLE_PREVIEWS = YES;
				GENERATE_INFOPLIST_FILE = YES;
				INFOPLIST_KEY_UIApplicationSceneManifest_Generation = YES;
				INFOPLIST_KEY_UIApplicationSupportsIndirectInputEvents = YES;
				INFOPLIST_KEY_UILaunchScreen_Generation = YES;
				INFOPLIST_KEY_UISupportedInterfaceOrientations = UIInterfaceOrientationPortrait;
				INFOPLIST_KEY_UISupportedInterfaceOrientations_iPad = "UIInterfaceOrientationPortrait UIInterfaceOrientationPortraitUpsideDown";
				LD_RUNPATH_SEARCH_PATHS = (
					"$(inherited)",
					"@executable_path/Frameworks",
				);
				MARKETING_VERSION = 1.0.2;
				PRODUCT_BUNDLE_IDENTIFIER = "com.combscodes.52-Push";
				PRODUCT_NAME = "$(TARGET_NAME)";
				SUPPORTED_PLATFORMS = "iphoneos iphonesimulator";
				SUPPORTS_MACCATALYST = NO;
				SWIFT_EMIT_LOC_STRINGS = YES;
				SWIFT_VERSION = 5.0;
				TARGETED_DEVICE_FAMILY = 1;
				VERSIONING_SYSTEM = "apple-generic";
			};
			name = Release;
		};
		091B3A622D29D54900FFD0A4 /* Debug */ = {
			isa = XCBuildConfiguration;
			buildSettings = {
				BUNDLE_LOADER = "$(TEST_HOST)";
				CODE_SIGN_STYLE = Automatic;
				CURRENT_PROJECT_VERSION = 1;
				DEVELOPMENT_TEAM = B4JR5G66CR;
				GENERATE_INFOPLIST_FILE = YES;
				IPHONEOS_DEPLOYMENT_TARGET = 18.2;
				MARKETING_VERSION = 1.0;
				PRODUCT_BUNDLE_IDENTIFIER = "com.combscodes.-2-PushTests";
				PRODUCT_NAME = "$(TARGET_NAME)";
				SWIFT_EMIT_LOC_STRINGS = NO;
				SWIFT_VERSION = 5.0;
				TARGETED_DEVICE_FAMILY = "1,2";
				TEST_HOST = "$(BUILT_PRODUCTS_DIR)/52 Push.app/$(BUNDLE_EXECUTABLE_FOLDER_PATH)/52 Push";
			};
			name = Debug;
		};
		091B3A632D29D54900FFD0A4 /* Release */ = {
			isa = XCBuildConfiguration;
			buildSettings = {
				BUNDLE_LOADER = "$(TEST_HOST)";
				CODE_SIGN_STYLE = Automatic;
				CURRENT_PROJECT_VERSION = 1;
				DEVELOPMENT_TEAM = B4JR5G66CR;
				GENERATE_INFOPLIST_FILE = YES;
				IPHONEOS_DEPLOYMENT_TARGET = 18.2;
				MARKETING_VERSION = 1.0;
				PRODUCT_BUNDLE_IDENTIFIER = "com.combscodes.-2-PushTests";
				PRODUCT_NAME = "$(TARGET_NAME)";
				SWIFT_EMIT_LOC_STRINGS = NO;
				SWIFT_VERSION = 5.0;
				TARGETED_DEVICE_FAMILY = "1,2";
				TEST_HOST = "$(BUILT_PRODUCTS_DIR)/52 Push.app/$(BUNDLE_EXECUTABLE_FOLDER_PATH)/52 Push";
			};
			name = Release;
		};
		091B3A652D29D54900FFD0A4 /* Debug */ = {
			isa = XCBuildConfiguration;
			buildSettings = {
				CODE_SIGN_STYLE = Automatic;
				CURRENT_PROJECT_VERSION = 1;
				DEVELOPMENT_TEAM = B4JR5G66CR;
				GENERATE_INFOPLIST_FILE = YES;
				MARKETING_VERSION = 1.0;
				PRODUCT_BUNDLE_IDENTIFIER = "com.combscodes.-2-PushUITests";
				PRODUCT_NAME = "$(TARGET_NAME)";
				SWIFT_EMIT_LOC_STRINGS = NO;
				SWIFT_VERSION = 5.0;
				TARGETED_DEVICE_FAMILY = "1,2";
				TEST_TARGET_NAME = "52 Push";
			};
			name = Debug;
		};
		091B3A662D29D54900FFD0A4 /* Release */ = {
			isa = XCBuildConfiguration;
			buildSettings = {
				CODE_SIGN_STYLE = Automatic;
				CURRENT_PROJECT_VERSION = 1;
				DEVELOPMENT_TEAM = B4JR5G66CR;
				GENERATE_INFOPLIST_FILE = YES;
				MARKETING_VERSION = 1.0;
				PRODUCT_BUNDLE_IDENTIFIER = "com.combscodes.-2-PushUITests";
				PRODUCT_NAME = "$(TARGET_NAME)";
				SWIFT_EMIT_LOC_STRINGS = NO;
				SWIFT_VERSION = 5.0;
				TARGETED_DEVICE_FAMILY = "1,2";
				TEST_TARGET_NAME = "52 Push";
			};
			name = Release;
		};
/* End XCBuildConfiguration section */

/* Begin XCConfigurationList section */
		091B3A352D29D54200FFD0A4 /* Build configuration list for PBXProject "52 Push" */ = {
			isa = XCConfigurationList;
			buildConfigurations = (
				091B3A5C2D29D54900FFD0A4 /* Debug */,
				091B3A5D2D29D54900FFD0A4 /* Release */,
			);
			defaultConfigurationIsVisible = 0;
			defaultConfigurationName = Release;
		};
		091B3A5E2D29D54900FFD0A4 /* Build configuration list for PBXNativeTarget "52 Push" */ = {
			isa = XCConfigurationList;
			buildConfigurations = (
				091B3A5F2D29D54900FFD0A4 /* Debug */,
				091B3A602D29D54900FFD0A4 /* Release */,
			);
			defaultConfigurationIsVisible = 0;
			defaultConfigurationName = Release;
		};
		091B3A612D29D54900FFD0A4 /* Build configuration list for PBXNativeTarget "52 PushTests" */ = {
			isa = XCConfigurationList;
			buildConfigurations = (
				091B3A622D29D54900FFD0A4 /* Debug */,
				091B3A632D29D54900FFD0A4 /* Release */,
			);
			defaultConfigurationIsVisible = 0;
			defaultConfigurationName = Release;
		};
		091B3A642D29D54900FFD0A4 /* Build configuration list for PBXNativeTarget "52 PushUITests" */ = {
			isa = XCConfigurationList;
			buildConfigurations = (
				091B3A652D29D54900FFD0A4 /* Debug */,
				091B3A662D29D54900FFD0A4 /* Release */,
			);
			defaultConfigurationIsVisible = 0;
			defaultConfigurationName = Release;
		};
/* End XCConfigurationList section */

/* Begin XCRemoteSwiftPackageReference section */
		098855152DD56D4A0035F73E /* XCRemoteSwiftPackageReference "SwiftLintPlugins" */ = {
			isa = XCRemoteSwiftPackageReference;
			repositoryURL = "https://github.com/SimplyDanny/SwiftLintPlugins";
			requirement = {
				kind = upToNextMajorVersion;
				minimumVersion = 0.59.1;
			};
		};
/* End XCRemoteSwiftPackageReference section */
	};
	rootObject = 091B3A322D29D54200FFD0A4 /* Project object */;
}
